
Microsoft Visual Studio Solution File, Format Version 12.00
# Visual Studio Version 17
VisualStudioVersion = 17.4.33213.308
MinimumVisualStudioVersion = 10.0.40219.1
Project("{FAE04EC0-301F-11D3-BF4B-00C04F79EFBC}") = "6.tómbola de lotería nacional", "6.tómbola de lotería nacional.csproj", "{03082B25-E0B4-4F25-A28D-631619B217DB}"
EndProject
Global
	GlobalSection(SolutionConfigurationPlatforms) = preSolution
		Debug|Any CPU = Debug|Any CPU
		Release|Any CPU = Release|Any CPU
	EndGlobalSection
	GlobalSection(ProjectConfigurationPlatforms) = postSolution
		{03082B25-E0B4-4F25-A28D-631619B217DB}.Debug|Any CPU.ActiveCfg = Debug|Any CPU
		{03082B25-E0B4-4F25-A28D-631619B217DB}.Debug|Any CPU.Build.0 = Debug|Any CPU
		{03082B25-E0B4-4F25-A28D-631619B217DB}.Release|Any CPU.ActiveCfg = Release|Any CPU
		{03082B25-E0B4-4F25-A28D-631619B217DB}.Release|Any CPU.Build.0 = Release|Any CPU
	EndGlobalSection
	GlobalSection(SolutionProperties) = preSolution
		HideSolutionNode = FALSE
	EndGlobalSection
	GlobalSection(ExtensibilityGlobals) = postSolution
		SolutionGuid = {D3C7AEE0-24B7-4946-ABE2-02A0F36A791A}
	EndGlobalSection
EndGlobal
